
Microsoft Visual Studio Solution File, Format Version 12.00
# Visual Studio Version 16
VisualStudioVersion = 16.0.34931.43
MinimumVisualStudioVersion = 10.0.40219.1
Project("{FAE04EC0-301F-11D3-BF4B-00C04F79EFBC}") = "bloc csharp", "bloc csharp\bloc csharp.csproj", "{9450327C-BD71-49DF-B498-62A8F8C9FD22}"
EndProject
Global
	GlobalSection(SolutionConfigurationPlatforms) = preSolution
		Debug|Any CPU = Debug|Any CPU
		Release|Any CPU = Release|Any CPU
	EndGlobalSection
	GlobalSection(ProjectConfigurationPlatforms) = postSolution
		{9450327C-BD71-49DF-B498-62A8F8C9FD22}.Debug|Any CPU.ActiveCfg = Debug|Any CPU
		{9450327C-BD71-49DF-B498-62A8F8C9FD22}.Debug|Any CPU.Build.0 = Debug|Any CPU
		{9450327C-BD71-49DF-B498-62A8F8C9FD22}.Release|Any CPU.ActiveCfg = Release|Any CPU
		{9450327C-BD71-49DF-B498-62A8F8C9FD22}.Release|Any CPU.Build.0 = Release|Any CPU
	EndGlobalSection
	GlobalSection(SolutionProperties) = preSolution
		HideSolutionNode = FALSE
	EndGlobalSection
	GlobalSection(ExtensibilityGlobals) = postSolution
		SolutionGuid = {9CB8FEA0-91BB-455F-AFE6-7121631D09E2}
	EndGlobalSection
EndGlobal
